
Microsoft Visual Studio Solution File, Format Version 12.00
# Visual Studio Version 17
VisualStudioVersion = 17.14.36414.22 d17.14
MinimumVisualStudioVersion = 10.0.40219.1
Project("{FAE04EC0-301F-11D3-BF4B-00C04F79EFBC}") = "Biograf", "Biograf\Biograf.csproj", "{1577FBB8-2450-48C9-99EE-2451A86D9B1D}"
EndProject
Global
	GlobalSection(SolutionConfigurationPlatforms) = preSolution
		Debug|Any CPU = Debug|Any CPU
		Release|Any CPU = Release|Any CPU
	EndGlobalSection
	GlobalSection(ProjectConfigurationPlatforms) = postSolution
		{1577FBB8-2450-48C9-99EE-2451A86D9B1D}.Debug|Any CPU.ActiveCfg = Debug|Any CPU
		{1577FBB8-2450-48C9-99EE-2451A86D9B1D}.Debug|Any CPU.Build.0 = Debug|Any CPU
		{1577FBB8-2450-48C9-99EE-2451A86D9B1D}.Release|Any CPU.ActiveCfg = Release|Any CPU
		{1577FBB8-2450-48C9-99EE-2451A86D9B1D}.Release|Any CPU.Build.0 = Release|Any CPU
	EndGlobalSection
	GlobalSection(SolutionProperties) = preSolution
		HideSolutionNode = FALSE
	EndGlobalSection
	GlobalSection(ExtensibilityGlobals) = postSolution
		SolutionGuid = {8E4AE01F-1612-4926-9310-B176F4C190EA}
	EndGlobalSection
EndGlobal
